{
  "name": "com.pochert.gwallet",
  "version": "1.0.0",
  "lockfileVersion": 1,
  "requires": true,
  "dependencies": {
    "cordova-plugin-inappbrowser": {
      "version": "2.0.1",
      "resolved": "https://registry.npmjs.org/cordova-plugin-inappbrowser/-/cordova-plugin-inappbrowser-2.0.1.tgz",
      "integrity": "sha1-/qk31UgZGv5hrXyY9SPx/GIi5bM="
    }
  }
}
