{
  "name": "com.pochert.gwallet",
  "version": "1.0.0",
  "lockfileVersion": 1,
  "requires": true,
  "dependencies": {
    "cordova-plugin-console": {
      "version": "1.0.7",
      "resolved": "https://registry.npmjs.org/cordova-plugin-console/-/cordova-plugin-console-1.0.7.tgz",
      "integrity": "sha1-ibepLtHDNYiN/ADZAtxBcgHPOws="
    },
    "cordova-plugin-dialogs": {
      "version": "1.2.1",
      "resolved": "https://registry.npmjs.org/cordova-plugin-dialogs/-/cordova-plugin-dialogs-1.2.1.tgz",
      "integrity": "sha1-dDvIrwB2oQp29VbFE0ClMBY9MVM="
    },
    "cordova-plugin-inappbrowser": {
      "version": "2.0.1",
      "resolved": "https://registry.npmjs.org/cordova-plugin-inappbrowser/-/cordova-plugin-inappbrowser-2.0.1.tgz",
      "integrity": "sha1-/qk31UgZGv5hrXyY9SPx/GIi5bM="
    },
    "cordova-plugin-statusbar": {
      "version": "2.2.3",
      "resolved": "https://registry.npmjs.org/cordova-plugin-statusbar/-/cordova-plugin-statusbar-2.2.3.tgz",
      "integrity": "sha1-UcXgKtQzvr0LDcl3pEbrkd/uFQI="
    },
    "cordova-plugin-whitelist": {
      "version": "1.2.2",
      "resolved": "https://registry.npmjs.org/cordova-plugin-whitelist/-/cordova-plugin-whitelist-1.2.2.tgz",
      "integrity": "sha1-CFk/yVeIViCdQ3t2yLBHUp8Z9iM="
    },
    "phonegap-plugin-push": {
      "version": "1.8.4",
      "resolved": "https://registry.npmjs.org/phonegap-plugin-push/-/phonegap-plugin-push-1.8.4.tgz",
      "integrity": "sha1-sGH+NaXrwvy+WWgYtladgdpmWqE="
    }
  }
}
